// !$*UTF8*$!
{
	archiveVersion = 1;
	classes = {
	};
	objectVersion = 46;
	objects = {

/* Begin PBXBuildFile section */
		CE91E15019505C57000449F9 /* Foundation.framework in Frameworks */ = {isa = PBXBuildFile; fileRef = CE91E14F19505C57000449F9 /* Foundation.framework */; };
		CE91E15219505C57000449F9 /* CoreGraphics.framework in Frameworks */ = {isa = PBXBuildFile; fileRef = CE91E15119505C57000449F9 /* CoreGraphics.framework */; };
		CE91E15419505C57000449F9 /* UIKit.framework in Frameworks */ = {isa = PBXBuildFile; fileRef = CE91E15319505C57000449F9 /* UIKit.framework */; };
		CE91E15A19505C57000449F9 /* InfoPlist.strings in Resources */ = {isa = PBXBuildFile; fileRef = CE91E15819505C57000449F9 /* InfoPlist.strings */; };
		CE91E15C19505C57000449F9 /* main.m in Sources */ = {isa = PBXBuildFile; fileRef = CE91E15B19505C57000449F9 /* main.m */; };
		CE91E16019505C57000449F9 /* STPAppDelegate.m in Sources */ = {isa = PBXBuildFile; fileRef = CE91E15F19505C57000449F9 /* STPAppDelegate.m */; settings = {COMPILER_FLAGS = "-fno-objc-arc"; }; };
		CE91E16219505C57000449F9 /* Images.xcassets in Resources */ = {isa = PBXBuildFile; fileRef = CE91E16119505C57000449F9 /* Images.xcassets */; };
		CE91E16919505C57000449F9 /* XCTest.framework in Frameworks */ = {isa = PBXBuildFile; fileRef = CE91E16819505C57000449F9 /* XCTest.framework */; };
		CE91E16A19505C57000449F9 /* Foundation.framework in Frameworks */ = {isa = PBXBuildFile; fileRef = CE91E14F19505C57000449F9 /* Foundation.framework */; };
		CE91E16B19505C57000449F9 /* UIKit.framework in Frameworks */ = {isa = PBXBuildFile; fileRef = CE91E15319505C57000449F9 /* UIKit.framework */; };
		CE91E17319505C57000449F9 /* InfoPlist.strings in Resources */ = {isa = PBXBuildFile; fileRef = CE91E17119505C57000449F9 /* InfoPlist.strings */; };
		CE91E17519505C57000449F9 /* MetroCassiopeeTests.m in Sources */ = {isa = PBXBuildFile; fileRef = CE91E17419505C57000449F9 /* MetroCassiopeeTests.m */; };
		CEA8389D19505F4E00A68DC9 /* fond-1024x1024.jpg in Resources */ = {isa = PBXBuildFile; fileRef = CEA8387B19505F4E00A68DC9 /* fond-1024x1024.jpg */; };
		CEA8389E19505F4E00A68DC9 /* fond-1136x1136.jpg in Resources */ = {isa = PBXBuildFile; fileRef = CEA8387C19505F4E00A68DC9 /* fond-1136x1136.jpg */; };
		CEA8389F19505F4E00A68DC9 /* fond-2048x2048.jpg in Resources */ = {isa = PBXBuildFile; fileRef = CEA8387D19505F4E00A68DC9 /* fond-2048x2048.jpg */; };
		CEA838A019505F4E00A68DC9 /* fond-960x960.jpg in Resources */ = {isa = PBXBuildFile; fileRef = CEA8387E19505F4E00A68DC9 /* fond-960x960.jpg */; };
		CEA838A119505F4E00A68DC9 /* leia.png in Resources */ = {isa = PBXBuildFile; fileRef = CEA8388019505F4E00A68DC9 /* leia.png */; };
		CEA838A219505F4E00A68DC9 /* vador.png in Resources */ = {isa = PBXBuildFile; fileRef = CEA8388119505F4E00A68DC9 /* vador.png */; };
		CEA838A319505F4E00A68DC9 /* back-segmented.png in Resources */ = {isa = PBXBuildFile; fileRef = CEA8388319505F4E00A68DC9 /* back-segmented.png */; };
		CEA838A419505F4E00A68DC9 /* div-segmented.png in Resources */ = {isa = PBXBuildFile; fileRef = CEA8388419505F4E00A68DC9 /* div-segmented.png */; };
		CEA838A519505F4E00A68DC9 /* gear.png in Resources */ = {isa = PBXBuildFile; fileRef = CEA8388619505F4E00A68DC9 /* gear.png */; };
		CEA838A619505F4E00A68DC9 /* map.png in Resources */ = {isa = PBXBuildFile; fileRef = CEA8388719505F4E00A68DC9 /* map.png */; };
		CEA838A719505F4E00A68DC9 /* planete-0.png in Resources */ = {isa = PBXBuildFile; fileRef = CEA8388919505F4E00A68DC9 /* planete-0.png */; };
		CEA838A819505F4E00A68DC9 /* planete-1.png in Resources */ = {isa = PBXBuildFile; fileRef = CEA8388A19505F4E00A68DC9 /* planete-1.png */; };
		CEA838A919505F4E00A68DC9 /* planete-10.png in Resources */ = {isa = PBXBuildFile; fileRef = CEA8388B19505F4E00A68DC9 /* planete-10.png */; };
		CEA838AA19505F4E00A68DC9 /* planete-11.png in Resources */ = {isa = PBXBuildFile; fileRef = CEA8388C19505F4E00A68DC9 /* planete-11.png */; };
		CEA838AB19505F4E00A68DC9 /* planete-12.png in Resources */ = {isa = PBXBuildFile; fileRef = CEA8388D19505F4E00A68DC9 /* planete-12.png */; };
		CEA838AC19505F4E00A68DC9 /* planete-13.png in Resources */ = {isa = PBXBuildFile; fileRef = CEA8388E19505F4E00A68DC9 /* planete-13.png */; };
		CEA838AD19505F4E00A68DC9 /* planete-14.png in Resources */ = {isa = PBXBuildFile; fileRef = CEA8388F19505F4E00A68DC9 /* planete-14.png */; };
		CEA838AE19505F4E00A68DC9 /* planete-15.png in Resources */ = {isa = PBXBuildFile; fileRef = CEA8389019505F4E00A68DC9 /* planete-15.png */; };
		CEA838AF19505F4E00A68DC9 /* planete-16.png in Resources */ = {isa = PBXBuildFile; fileRef = CEA8389119505F4E00A68DC9 /* planete-16.png */; };
		CEA838B019505F4E00A68DC9 /* planete-17.png in Resources */ = {isa = PBXBuildFile; fileRef = CEA8389219505F4E00A68DC9 /* planete-17.png */; };
		CEA838B119505F4E00A68DC9 /* planete-18.png in Resources */ = {isa = PBXBuildFile; fileRef = CEA8389319505F4E00A68DC9 /* planete-18.png */; };
		CEA838B219505F4E00A68DC9 /* planete-19.png in Resources */ = {isa = PBXBuildFile; fileRef = CEA8389419505F4E00A68DC9 /* planete-19.png */; };
		CEA838B319505F4E00A68DC9 /* planete-2.png in Resources */ = {isa = PBXBuildFile; fileRef = CEA8389519505F4E00A68DC9 /* planete-2.png */; };
		CEA838B419505F4E00A68DC9 /* planete-3.png in Resources */ = {isa = PBXBuildFile; fileRef = CEA8389619505F4E00A68DC9 /* planete-3.png */; };
		CEA838B519505F4E00A68DC9 /* planete-4.png in Resources */ = {isa = PBXBuildFile; fileRef = CEA8389719505F4E00A68DC9 /* planete-4.png */; };
		CEA838B619505F4E00A68DC9 /* planete-5.png in Resources */ = {isa = PBXBuildFile; fileRef = CEA8389819505F4E00A68DC9 /* planete-5.png */; };
		CEA838B719505F4E00A68DC9 /* planete-6.png in Resources */ = {isa = PBXBuildFile; fileRef = CEA8389919505F4E00A68DC9 /* planete-6.png */; };
		CEA838B819505F4E00A68DC9 /* planete-7.png in Resources */ = {isa = PBXBuildFile; fileRef = CEA8389A19505F4E00A68DC9 /* planete-7.png */; };
		CEA838B919505F4E00A68DC9 /* planete-8.png in Resources */ = {isa = PBXBuildFile; fileRef = CEA8389B19505F4E00A68DC9 /* planete-8.png */; };
		CEA838BA19505F4E00A68DC9 /* planete-9.png in Resources */ = {isa = PBXBuildFile; fileRef = CEA8389C19505F4E00A68DC9 /* planete-9.png */; };
		CEA838BD19505FD600A68DC9 /* STPChooseViewController.m in Sources */ = {isa = PBXBuildFile; fileRef = CEA838BC19505FD600A68DC9 /* STPChooseViewController.m */; settings = {COMPILER_FLAGS = "-fno-objc-arc"; }; };
		CEA838C31950629400A68DC9 /* STPChooseView.m in Sources */ = {isa = PBXBuildFile; fileRef = CEA838C21950629400A68DC9 /* STPChooseView.m */; settings = {COMPILER_FLAGS = "-fno-objc-arc"; }; };
		CEA838CB195062AE00A68DC9 /* UIBarButtonItem+STPCustomImage.m in Sources */ = {isa = PBXBuildFile; fileRef = CEA838C6195062AE00A68DC9 /* UIBarButtonItem+STPCustomImage.m */; };
		CEA838CC195062AE00A68DC9 /* UIImage+STPImageResize.m in Sources */ = {isa = PBXBuildFile; fileRef = CEA838C8195062AE00A68DC9 /* UIImage+STPImageResize.m */; settings = {COMPILER_FLAGS = "-fno-objc-arc"; }; };
		CEA838CD195062AE00A68DC9 /* UIView+STPViewForAutoLayout.m in Sources */ = {isa = PBXBuildFile; fileRef = CEA838CA195062AE00A68DC9 /* UIView+STPViewForAutoLayout.m */; };
		CEA838D0195072E500A68DC9 /* STPUser.m in Sources */ = {isa = PBXBuildFile; fileRef = CEA838CF195072E500A68DC9 /* STPUser.m */; settings = {COMPILER_FLAGS = "-fno-objc-arc"; }; };
		CEA838D31950777700A68DC9 /* STPTabBarController.m in Sources */ = {isa = PBXBuildFile; fileRef = CEA838D21950777700A68DC9 /* STPTabBarController.m */; settings = {COMPILER_FLAGS = "-fno-objc-arc"; }; };
		CEA838D619507B8700A68DC9 /* STPPlanet.m in Sources */ = {isa = PBXBuildFile; fileRef = CEA838D519507B8700A68DC9 /* STPPlanet.m */; settings = {COMPILER_FLAGS = "-fno-objc-arc"; }; };
		CEA838D91950818400A68DC9 /* STPMetroViewController.m in Sources */ = {isa = PBXBuildFile; fileRef = CEA838D81950818400A68DC9 /* STPMetroViewController.m */; settings = {COMPILER_FLAGS = "-fno-objc-arc"; }; };
		CEA838DC195081A700A68DC9 /* STPMapTableViewController.m in Sources */ = {isa = PBXBuildFile; fileRef = CEA838DB195081A700A68DC9 /* STPMapTableViewController.m */; settings = {COMPILER_FLAGS = "-fno-objc-arc"; }; };
		CEA838DF1950899800A68DC9 /* STPPlanetViewController.m in Sources */ = {isa = PBXBuildFile; fileRef = CEA838DE1950899800A68DC9 /* STPPlanetViewController.m */; settings = {COMPILER_FLAGS = "-fno-objc-arc"; }; };
		CEA838E219508A0500A68DC9 /* STPPlanetView.m in Sources */ = {isa = PBXBuildFile; fileRef = CEA838E119508A0500A68DC9 /* STPPlanetView.m */; settings = {COMPILER_FLAGS = "-fno-objc-arc"; }; };
/* End PBXBuildFile section */

/* Begin PBXContainerItemProxy section */
		CE91E16C19505C57000449F9 /* PBXContainerItemProxy */ = {
			isa = PBXContainerItemProxy;
			containerPortal = CE91E14419505C57000449F9 /* Project object */;
			proxyType = 1;
			remoteGlobalIDString = CE91E14B19505C57000449F9;
			remoteInfo = MetroCassiopee;
		};
/* End PBXContainerItemProxy section */

/* Begin PBXFileReference section */
		CE91E14C19505C57000449F9 /* MetroCassiopee.app */ = {isa = PBXFileReference; explicitFileType = wrapper.application; includeInIndex = 0; path = MetroCassiopee.app; sourceTree = BUILT_PRODUCTS_DIR; };
		CE91E14F19505C57000449F9 /* Foundation.framework */ = {isa = PBXFileReference; lastKnownFileType = wrapper.framework; name = Foundation.framework; path = System/Library/Frameworks/Foundation.framework; sourceTree = SDKROOT; };
		CE91E15119505C57000449F9 /* CoreGraphics.framework */ = {isa = PBXFileReference; lastKnownFileType = wrapper.framework; name = CoreGraphics.framework; path = System/Library/Frameworks/CoreGraphics.framework; sourceTree = SDKROOT; };
		CE91E15319505C57000449F9 /* UIKit.framework */ = {isa = PBXFileReference; lastKnownFileType = wrapper.framework; name = UIKit.framework; path = System/Library/Frameworks/UIKit.framework; sourceTree = SDKROOT; };
		CE91E15719505C57000449F9 /* MetroCassiopee-Info.plist */ = {isa = PBXFileReference; lastKnownFileType = text.plist.xml; path = "MetroCassiopee-Info.plist"; sourceTree = "<group>"; };
		CE91E15919505C57000449F9 /* en */ = {isa = PBXFileReference; lastKnownFileType = text.plist.strings; name = en; path = en.lproj/InfoPlist.strings; sourceTree = "<group>"; };
		CE91E15B19505C57000449F9 /* main.m */ = {isa = PBXFileReference; lastKnownFileType = sourcecode.c.objc; path = main.m; sourceTree = "<group>"; };
		CE91E15D19505C57000449F9 /* MetroCassiopee-Prefix.pch */ = {isa = PBXFileReference; lastKnownFileType = sourcecode.c.h; path = "MetroCassiopee-Prefix.pch"; sourceTree = "<group>"; };
		CE91E15E19505C57000449F9 /* STPAppDelegate.h */ = {isa = PBXFileReference; lastKnownFileType = sourcecode.c.h; path = STPAppDelegate.h; sourceTree = "<group>"; };
		CE91E15F19505C57000449F9 /* STPAppDelegate.m */ = {isa = PBXFileReference; lastKnownFileType = sourcecode.c.objc; path = STPAppDelegate.m; sourceTree = "<group>"; };
		CE91E16119505C57000449F9 /* Images.xcassets */ = {isa = PBXFileReference; lastKnownFileType = folder.assetcatalog; path = Images.xcassets; sourceTree = "<group>"; };
		CE91E16719505C57000449F9 /* MetroCassiopeeTests.xctest */ = {isa = PBXFileReference; explicitFileType = wrapper.cfbundle; includeInIndex = 0; path = MetroCassiopeeTests.xctest; sourceTree = BUILT_PRODUCTS_DIR; };
		CE91E16819505C57000449F9 /* XCTest.framework */ = {isa = PBXFileReference; lastKnownFileType = wrapper.framework; name = XCTest.framework; path = Library/Frameworks/XCTest.framework; sourceTree = DEVELOPER_DIR; };
		CE91E17019505C57000449F9 /* MetroCassiopeeTests-Info.plist */ = {isa = PBXFileReference; lastKnownFileType = text.plist.xml; path = "MetroCassiopeeTests-Info.plist"; sourceTree = "<group>"; };
		CE91E17219505C57000449F9 /* en */ = {isa = PBXFileReference; lastKnownFileType = text.plist.strings; name = en; path = en.lproj/InfoPlist.strings; sourceTree = "<group>"; };
		CE91E17419505C57000449F9 /* MetroCassiopeeTests.m */ = {isa = PBXFileReference; lastKnownFileType = sourcecode.c.objc; path = MetroCassiopeeTests.m; sourceTree = "<group>"; };
		CEA8387B19505F4E00A68DC9 /* fond-1024x1024.jpg */ = {isa = PBXFileReference; lastKnownFileType = image.jpeg; path = "fond-1024x1024.jpg"; sourceTree = "<group>"; };
		CEA8387C19505F4E00A68DC9 /* fond-1136x1136.jpg */ = {isa = PBXFileReference; lastKnownFileType = image.jpeg; path = "fond-1136x1136.jpg"; sourceTree = "<group>"; };
		CEA8387D19505F4E00A68DC9 /* fond-2048x2048.jpg */ = {isa = PBXFileReference; lastKnownFileType = image.jpeg; path = "fond-2048x2048.jpg"; sourceTree = "<group>"; };
		CEA8387E19505F4E00A68DC9 /* fond-960x960.jpg */ = {isa = PBXFileReference; lastKnownFileType = image.jpeg; path = "fond-960x960.jpg"; sourceTree = "<group>"; };
		CEA8388019505F4E00A68DC9 /* leia.png */ = {isa = PBXFileReference; lastKnownFileType = image.png; path = leia.png; sourceTree = "<group>"; };
		CEA8388119505F4E00A68DC9 /* vador.png */ = {isa = PBXFileReference; lastKnownFileType = image.png; path = vador.png; sourceTree = "<group>"; };
		CEA8388319505F4E00A68DC9 /* back-segmented.png */ = {isa = PBXFileReference; lastKnownFileType = image.png; path = "back-segmented.png"; sourceTree = "<group>"; };
		CEA8388419505F4E00A68DC9 /* div-segmented.png */ = {isa = PBXFileReference; lastKnownFileType = image.png; path = "div-segmented.png"; sourceTree = "<group>"; };
		CEA8388619505F4E00A68DC9 /* gear.png */ = {isa = PBXFileReference; lastKnownFileType = image.png; path = gear.png; sourceTree = "<group>"; };
		CEA8388719505F4E00A68DC9 /* map.png */ = {isa = PBXFileReference; lastKnownFileType = image.png; path = map.png; sourceTree = "<group>"; };
		CEA8388919505F4E00A68DC9 /* planete-0.png */ = {isa = PBXFileReference; lastKnownFileType = image.png; path = "planete-0.png"; sourceTree = "<group>"; };
		CEA8388A19505F4E00A68DC9 /* planete-1.png */ = {isa = PBXFileReference; lastKnownFileType = image.png; path = "planete-1.png"; sourceTree = "<group>"; };
		CEA8388B19505F4E00A68DC9 /* planete-10.png */ = {isa = PBXFileReference; lastKnownFileType = image.png; path = "planete-10.png"; sourceTree = "<group>"; };
		CEA8388C19505F4E00A68DC9 /* planete-11.png */ = {isa = PBXFileReference; lastKnownFileType = image.png; path = "planete-11.png"; sourceTree = "<group>"; };
		CEA8388D19505F4E00A68DC9 /* planete-12.png */ = {isa = PBXFileReference; lastKnownFileType = image.png; path = "planete-12.png"; sourceTree = "<group>"; };
		CEA8388E19505F4E00A68DC9 /* planete-13.png */ = {isa = PBXFileReference; lastKnownFileType = image.png; path = "planete-13.png"; sourceTree = "<group>"; };
		CEA8388F19505F4E00A68DC9 /* planete-14.png */ = {isa = PBXFileReference; lastKnownFileType = image.png; path = "planete-14.png"; sourceTree = "<group>"; };
		CEA8389019505F4E00A68DC9 /* planete-15.png */ = {isa = PBXFileReference; lastKnownFileType = image.png; path = "planete-15.png"; sourceTree = "<group>"; };
		CEA8389119505F4E00A68DC9 /* planete-16.png */ = {isa = PBXFileReference; lastKnownFileType = image.png; path = "planete-16.png"; sourceTree = "<group>"; };
		CEA8389219505F4E00A68DC9 /* planete-17.png */ = {isa = PBXFileReference; lastKnownFileType = image.png; path = "planete-17.png"; sourceTree = "<group>"; };
		CEA8389319505F4E00A68DC9 /* planete-18.png */ = {isa = PBXFileReference; lastKnownFileType = image.png; path = "planete-18.png"; sourceTree = "<group>"; };
		CEA8389419505F4E00A68DC9 /* planete-19.png */ = {isa = PBXFileReference; lastKnownFileType = image.png; path = "planete-19.png"; sourceTree = "<group>"; };
		CEA8389519505F4E00A68DC9 /* planete-2.png */ = {isa = PBXFileReference; lastKnownFileType = image.png; path = "planete-2.png"; sourceTree = "<group>"; };
		CEA8389619505F4E00A68DC9 /* planete-3.png */ = {isa = PBXFileReference; lastKnownFileType = image.png; path = "planete-3.png"; sourceTree = "<group>"; };
		CEA8389719505F4E00A68DC9 /* planete-4.png */ = {isa = PBXFileReference; lastKnownFileType = image.png; path = "planete-4.png"; sourceTree = "<group>"; };
		CEA8389819505F4E00A68DC9 /* planete-5.png */ = {isa = PBXFileReference; lastKnownFileType = image.png; path = "planete-5.png"; sourceTree = "<group>"; };
		CEA8389919505F4E00A68DC9 /* planete-6.png */ = {isa = PBXFileReference; lastKnownFileType = image.png; path = "planete-6.png"; sourceTree = "<group>"; };
		CEA8389A19505F4E00A68DC9 /* planete-7.png */ = {isa = PBXFileReference; lastKnownFileType = image.png; path = "planete-7.png"; sourceTree = "<group>"; };
		CEA8389B19505F4E00A68DC9 /* planete-8.png */ = {isa = PBXFileReference; lastKnownFileType = image.png; path = "planete-8.png"; sourceTree = "<group>"; };
		CEA8389C19505F4E00A68DC9 /* planete-9.png */ = {isa = PBXFileReference; lastKnownFileType = image.png; path = "planete-9.png"; sourceTree = "<group>"; };
		CEA838BB19505FD600A68DC9 /* STPChooseViewController.h */ = {isa = PBXFileReference; fileEncoding = 4; lastKnownFileType = sourcecode.c.h; path = STPChooseViewController.h; sourceTree = "<group>"; };
		CEA838BC19505FD600A68DC9 /* STPChooseViewController.m */ = {isa = PBXFileReference; fileEncoding = 4; lastKnownFileType = sourcecode.c.objc; path = STPChooseViewController.m; sourceTree = "<group>"; };
		CEA838C11950629400A68DC9 /* STPChooseView.h */ = {isa = PBXFileReference; fileEncoding = 4; lastKnownFileType = sourcecode.c.h; path = STPChooseView.h; sourceTree = "<group>"; };
		CEA838C21950629400A68DC9 /* STPChooseView.m */ = {isa = PBXFileReference; fileEncoding = 4; lastKnownFileType = sourcecode.c.objc; path = STPChooseView.m; sourceTree = "<group>"; };
		CEA838C5195062AE00A68DC9 /* UIBarButtonItem+STPCustomImage.h */ = {isa = PBXFileReference; fileEncoding = 4; lastKnownFileType = sourcecode.c.h; path = "UIBarButtonItem+STPCustomImage.h"; sourceTree = "<group>"; };
		CEA838C6195062AE00A68DC9 /* UIBarButtonItem+STPCustomImage.m */ = {isa = PBXFileReference; fileEncoding = 4; lastKnownFileType = sourcecode.c.objc; path = "UIBarButtonItem+STPCustomImage.m"; sourceTree = "<group>"; };
		CEA838C7195062AE00A68DC9 /* UIImage+STPImageResize.h */ = {isa = PBXFileReference; fileEncoding = 4; lastKnownFileType = sourcecode.c.h; path = "UIImage+STPImageResize.h"; sourceTree = "<group>"; };
		CEA838C8195062AE00A68DC9 /* UIImage+STPImageResize.m */ = {isa = PBXFileReference; fileEncoding = 4; lastKnownFileType = sourcecode.c.objc; path = "UIImage+STPImageResize.m"; sourceTree = "<group>"; };
		CEA838C9195062AE00A68DC9 /* UIView+STPViewForAutoLayout.h */ = {isa = PBXFileReference; fileEncoding = 4; lastKnownFileType = sourcecode.c.h; path = "UIView+STPViewForAutoLayout.h"; sourceTree = "<group>"; };
		CEA838CA195062AE00A68DC9 /* UIView+STPViewForAutoLayout.m */ = {isa = PBXFileReference; fileEncoding = 4; lastKnownFileType = sourcecode.c.objc; path = "UIView+STPViewForAutoLayout.m"; sourceTree = "<group>"; };
		CEA838CE195072E500A68DC9 /* STPUser.h */ = {isa = PBXFileReference; fileEncoding = 4; lastKnownFileType = sourcecode.c.h; path = STPUser.h; sourceTree = "<group>"; };
		CEA838CF195072E500A68DC9 /* STPUser.m */ = {isa = PBXFileReference; fileEncoding = 4; lastKnownFileType = sourcecode.c.objc; path = STPUser.m; sourceTree = "<group>"; };
		CEA838D11950777700A68DC9 /* STPTabBarController.h */ = {isa = PBXFileReference; fileEncoding = 4; lastKnownFileType = sourcecode.c.h; path = STPTabBarController.h; sourceTree = "<group>"; };
		CEA838D21950777700A68DC9 /* STPTabBarController.m */ = {isa = PBXFileReference; fileEncoding = 4; lastKnownFileType = sourcecode.c.objc; path = STPTabBarController.m; sourceTree = "<group>"; };
		CEA838D419507B8700A68DC9 /* STPPlanet.h */ = {isa = PBXFileReference; fileEncoding = 4; lastKnownFileType = sourcecode.c.h; path = STPPlanet.h; sourceTree = "<group>"; };
		CEA838D519507B8700A68DC9 /* STPPlanet.m */ = {isa = PBXFileReference; fileEncoding = 4; lastKnownFileType = sourcecode.c.objc; path = STPPlanet.m; sourceTree = "<group>"; };
		CEA838D71950818400A68DC9 /* STPMetroViewController.h */ = {isa = PBXFileReference; fileEncoding = 4; lastKnownFileType = sourcecode.c.h; path = STPMetroViewController.h; sourceTree = "<group>"; };
		CEA838D81950818400A68DC9 /* STPMetroViewController.m */ = {isa = PBXFileReference; fileEncoding = 4; lastKnownFileType = sourcecode.c.objc; path = STPMetroViewController.m; sourceTree = "<group>"; };
		CEA838DA195081A700A68DC9 /* STPMapTableViewController.h */ = {isa = PBXFileReference; fileEncoding = 4; lastKnownFileType = sourcecode.c.h; path = STPMapTableViewController.h; sourceTree = "<group>"; };
		CEA838DB195081A700A68DC9 /* STPMapTableViewController.m */ = {isa = PBXFileReference; fileEncoding = 4; lastKnownFileType = sourcecode.c.objc; path = STPMapTableViewController.m; sourceTree = "<group>"; };
		CEA838DD1950899800A68DC9 /* STPPlanetViewController.h */ = {isa = PBXFileReference; fileEncoding = 4; lastKnownFileType = sourcecode.c.h; path = STPPlanetViewController.h; sourceTree = "<group>"; };
		CEA838DE1950899800A68DC9 /* STPPlanetViewController.m */ = {isa = PBXFileReference; fileEncoding = 4; lastKnownFileType = sourcecode.c.objc; path = STPPlanetViewController.m; sourceTree = "<group>"; };
		CEA838E019508A0500A68DC9 /* STPPlanetView.h */ = {isa = PBXFileReference; fileEncoding = 4; lastKnownFileType = sourcecode.c.h; path = STPPlanetView.h; sourceTree = "<group>"; };
		CEA838E119508A0500A68DC9 /* STPPlanetView.m */ = {isa = PBXFileReference; fileEncoding = 4; lastKnownFileType = sourcecode.c.objc; path = STPPlanetView.m; sourceTree = "<group>"; };
		CEA838E5195095A400A68DC9 /* AudioToolbox.framework */ = {isa = PBXFileReference; lastKnownFileType = wrapper.framework; name = AudioToolbox.framework; path = System/Library/Frameworks/AudioToolbox.framework; sourceTree = SDKROOT; };
		CEA838E6195095A400A68DC9 /* AVFoundation.framework */ = {isa = PBXFileReference; lastKnownFileType = wrapper.framework; name = AVFoundation.framework; path = System/Library/Frameworks/AVFoundation.framework; sourceTree = SDKROOT; };
/* End PBXFileReference section */

/* Begin PBXFrameworksBuildPhase section */
		CE91E14919505C57000449F9 /* Frameworks */ = {
			isa = PBXFrameworksBuildPhase;
			buildActionMask = 2147483647;
			files = (
				CE91E15219505C57000449F9 /* CoreGraphics.framework in Frameworks */,
				CE91E15419505C57000449F9 /* UIKit.framework in Frameworks */,
				CE91E15019505C57000449F9 /* Foundation.framework in Frameworks */,
			);
			runOnlyForDeploymentPostprocessing = 0;
		};
		CE91E16419505C57000449F9 /* Frameworks */ = {
			isa = PBXFrameworksBuildPhase;
			buildActionMask = 2147483647;
			files = (
				CE91E16919505C57000449F9 /* XCTest.framework in Frameworks */,
				CE91E16B19505C57000449F9 /* UIKit.framework in Frameworks */,
				CE91E16A19505C57000449F9 /* Foundation.framework in Frameworks */,
			);
			runOnlyForDeploymentPostprocessing = 0;
		};
/* End PBXFrameworksBuildPhase section */

/* Begin PBXGroup section */
		CE91E14319505C57000449F9 = {
			isa = PBXGroup;
			children = (
				CE91E15519505C57000449F9 /* MetroCassiopee */,
				CE91E16E19505C57000449F9 /* MetroCassiopeeTests */,
				CE91E14E19505C57000449F9 /* Frameworks */,
				CE91E14D19505C57000449F9 /* Products */,
			);
			sourceTree = "<group>";
		};
		CE91E14D19505C57000449F9 /* Products */ = {
			isa = PBXGroup;
			children = (
				CE91E14C19505C57000449F9 /* MetroCassiopee.app */,
				CE91E16719505C57000449F9 /* MetroCassiopeeTests.xctest */,
			);
			name = Products;
			sourceTree = "<group>";
		};
		CE91E14E19505C57000449F9 /* Frameworks */ = {
			isa = PBXGroup;
			children = (
				CEA838E5195095A400A68DC9 /* AudioToolbox.framework */,
				CEA838E6195095A400A68DC9 /* AVFoundation.framework */,
				CE91E14F19505C57000449F9 /* Foundation.framework */,
				CE91E15119505C57000449F9 /* CoreGraphics.framework */,
				CE91E15319505C57000449F9 /* UIKit.framework */,
				CE91E16819505C57000449F9 /* XCTest.framework */,
			);
			name = Frameworks;
			sourceTree = "<group>";
		};
		CE91E15519505C57000449F9 /* MetroCassiopee */ = {
			isa = PBXGroup;
			children = (
				CEA8387919505F4E00A68DC9 /* Ressource */,
				CE91E17E19505CA4000449F9 /* Class */,
				CE91E16119505C57000449F9 /* Images.xcassets */,
				CE91E15619505C57000449F9 /* Supporting Files */,
			);
			path = MetroCassiopee;
			sourceTree = "<group>";
		};
		CE91E15619505C57000449F9 /* Supporting Files */ = {
			isa = PBXGroup;
			children = (
				CE91E15719505C57000449F9 /* MetroCassiopee-Info.plist */,
				CE91E15819505C57000449F9 /* InfoPlist.strings */,
				CE91E15B19505C57000449F9 /* main.m */,
				CE91E15D19505C57000449F9 /* MetroCassiopee-Prefix.pch */,
			);
			name = "Supporting Files";
			sourceTree = "<group>";
		};
		CE91E16E19505C57000449F9 /* MetroCassiopeeTests */ = {
			isa = PBXGroup;
			children = (
				CE91E17419505C57000449F9 /* MetroCassiopeeTests.m */,
				CE91E16F19505C57000449F9 /* Supporting Files */,
			);
			path = MetroCassiopeeTests;
			sourceTree = "<group>";
		};
		CE91E16F19505C57000449F9 /* Supporting Files */ = {
			isa = PBXGroup;
			children = (
				CE91E17019505C57000449F9 /* MetroCassiopeeTests-Info.plist */,
				CE91E17119505C57000449F9 /* InfoPlist.strings */,
			);
			name = "Supporting Files";
			sourceTree = "<group>";
		};
		CE91E17E19505CA4000449F9 /* Class */ = {
			isa = PBXGroup;
			children = (
				CEA838C4195062AE00A68DC9 /* Category */,
				CE91E18119505CE9000449F9 /* View */,
				CE91E18019505CD1000449F9 /* Model */,
				CE91E17F19505CC2000449F9 /* Controller */,
				CE91E15E19505C57000449F9 /* STPAppDelegate.h */,
				CE91E15F19505C57000449F9 /* STPAppDelegate.m */,
			);
			path = Class;
			sourceTree = "<group>";
		};
		CE91E17F19505CC2000449F9 /* Controller */ = {
			isa = PBXGroup;
			children = (
				CEA838BB19505FD600A68DC9 /* STPChooseViewController.h */,
				CEA838BC19505FD600A68DC9 /* STPChooseViewController.m */,
				CEA838D11950777700A68DC9 /* STPTabBarController.h */,
				CEA838D21950777700A68DC9 /* STPTabBarController.m */,
				CEA838D71950818400A68DC9 /* STPMetroViewController.h */,
				CEA838D81950818400A68DC9 /* STPMetroViewController.m */,
				CEA838DA195081A700A68DC9 /* STPMapTableViewController.h */,
				CEA838DB195081A700A68DC9 /* STPMapTableViewController.m */,
				CEA838DD1950899800A68DC9 /* STPPlanetViewController.h */,
				CEA838DE1950899800A68DC9 /* STPPlanetViewController.m */,
			);
			path = Controller;
			sourceTree = "<group>";
		};
		CE91E18019505CD1000449F9 /* Model */ = {
			isa = PBXGroup;
			children = (
				CEA838CE195072E500A68DC9 /* STPUser.h */,
				CEA838CF195072E500A68DC9 /* STPUser.m */,
				CEA838D419507B8700A68DC9 /* STPPlanet.h */,
				CEA838D519507B8700A68DC9 /* STPPlanet.m */,
			);
			path = Model;
			sourceTree = "<group>";
		};
		CE91E18119505CE9000449F9 /* View */ = {
			isa = PBXGroup;
			children = (
				CEA838C11950629400A68DC9 /* STPChooseView.h */,
				CEA838C21950629400A68DC9 /* STPChooseView.m */,
				CEA838E019508A0500A68DC9 /* STPPlanetView.h */,
				CEA838E119508A0500A68DC9 /* STPPlanetView.m */,
			);
			path = View;
			sourceTree = "<group>";
		};
		CEA8387919505F4E00A68DC9 /* Ressource */ = {
			isa = PBXGroup;
			children = (
				CEA8387A19505F4E00A68DC9 /* bg */,
				CEA8387F19505F4E00A68DC9 /* characters */,
				CEA8388219505F4E00A68DC9 /* elements */,
				CEA8388519505F4E00A68DC9 /* icons */,
				CEA8388819505F4E00A68DC9 /* planets */,
			);
			path = Ressource;
			sourceTree = "<group>";
		};
		CEA8387A19505F4E00A68DC9 /* bg */ = {
			isa = PBXGroup;
			children = (
				CEA8387B19505F4E00A68DC9 /* fond-1024x1024.jpg */,
				CEA8387C19505F4E00A68DC9 /* fond-1136x1136.jpg */,
				CEA8387D19505F4E00A68DC9 /* fond-2048x2048.jpg */,
				CEA8387E19505F4E00A68DC9 /* fond-960x960.jpg */,
			);
			path = bg;
			sourceTree = "<group>";
		};
		CEA8387F19505F4E00A68DC9 /* characters */ = {
			isa = PBXGroup;
			children = (
				CEA8388019505F4E00A68DC9 /* leia.png */,
				CEA8388119505F4E00A68DC9 /* vador.png */,
			);
			path = characters;
			sourceTree = "<group>";
		};
		CEA8388219505F4E00A68DC9 /* elements */ = {
			isa = PBXGroup;
			children = (
				CEA8388319505F4E00A68DC9 /* back-segmented.png */,
				CEA8388419505F4E00A68DC9 /* div-segmented.png */,
			);
			path = elements;
			sourceTree = "<group>";
		};
		CEA8388519505F4E00A68DC9 /* icons */ = {
			isa = PBXGroup;
			children = (
				CEA8388619505F4E00A68DC9 /* gear.png */,
				CEA8388719505F4E00A68DC9 /* map.png */,
			);
			path = icons;
			sourceTree = "<group>";
		};
		CEA8388819505F4E00A68DC9 /* planets */ = {
			isa = PBXGroup;
			children = (
				CEA8388919505F4E00A68DC9 /* planete-0.png */,
				CEA8388A19505F4E00A68DC9 /* planete-1.png */,
				CEA8388B19505F4E00A68DC9 /* planete-10.png */,
				CEA8388C19505F4E00A68DC9 /* planete-11.png */,
				CEA8388D19505F4E00A68DC9 /* planete-12.png */,
				CEA8388E19505F4E00A68DC9 /* planete-13.png */,
				CEA8388F19505F4E00A68DC9 /* planete-14.png */,
				CEA8389019505F4E00A68DC9 /* planete-15.png */,
				CEA8389119505F4E00A68DC9 /* planete-16.png */,
				CEA8389219505F4E00A68DC9 /* planete-17.png */,
				CEA8389319505F4E00A68DC9 /* planete-18.png */,
				CEA8389419505F4E00A68DC9 /* planete-19.png */,
				CEA8389519505F4E00A68DC9 /* planete-2.png */,
				CEA8389619505F4E00A68DC9 /* planete-3.png */,
				CEA8389719505F4E00A68DC9 /* planete-4.png */,
				CEA8389819505F4E00A68DC9 /* planete-5.png */,
				CEA8389919505F4E00A68DC9 /* planete-6.png */,
				CEA8389A19505F4E00A68DC9 /* planete-7.png */,
				CEA8389B19505F4E00A68DC9 /* planete-8.png */,
				CEA8389C19505F4E00A68DC9 /* planete-9.png */,
			);
			path = planets;
			sourceTree = "<group>";
		};
		CEA838C4195062AE00A68DC9 /* Category */ = {
			isa = PBXGroup;
			children = (
				CEA838C5195062AE00A68DC9 /* UIBarButtonItem+STPCustomImage.h */,
				CEA838C6195062AE00A68DC9 /* UIBarButtonItem+STPCustomImage.m */,
				CEA838C7195062AE00A68DC9 /* UIImage+STPImageResize.h */,
				CEA838C8195062AE00A68DC9 /* UIImage+STPImageResize.m */,
				CEA838C9195062AE00A68DC9 /* UIView+STPViewForAutoLayout.h */,
				CEA838CA195062AE00A68DC9 /* UIView+STPViewForAutoLayout.m */,
			);
			path = Category;
			sourceTree = "<group>";
		};
/* End PBXGroup section */

/* Begin PBXNativeTarget section */
		CE91E14B19505C57000449F9 /* MetroCassiopee */ = {
			isa = PBXNativeTarget;
			buildConfigurationList = CE91E17819505C57000449F9 /* Build configuration list for PBXNativeTarget "MetroCassiopee" */;
			buildPhases = (
				CE91E14819505C57000449F9 /* Sources */,
				CE91E14919505C57000449F9 /* Frameworks */,
				CE91E14A19505C57000449F9 /* Resources */,
			);
			buildRules = (
			);
			dependencies = (
			);
			name = MetroCassiopee;
			productName = MetroCassiopee;
			productReference = CE91E14C19505C57000449F9 /* MetroCassiopee.app */;
			productType = "com.apple.product-type.application";
		};
		CE91E16619505C57000449F9 /* MetroCassiopeeTests */ = {
			isa = PBXNativeTarget;
			buildConfigurationList = CE91E17B19505C57000449F9 /* Build configuration list for PBXNativeTarget "MetroCassiopeeTests" */;
			buildPhases = (
				CE91E16319505C57000449F9 /* Sources */,
				CE91E16419505C57000449F9 /* Frameworks */,
				CE91E16519505C57000449F9 /* Resources */,
			);
			buildRules = (
			);
			dependencies = (
				CE91E16D19505C57000449F9 /* PBXTargetDependency */,
			);
			name = MetroCassiopeeTests;
			productName = MetroCassiopeeTests;
			productReference = CE91E16719505C57000449F9 /* MetroCassiopeeTests.xctest */;
			productType = "com.apple.product-type.bundle.unit-test";
		};
/* End PBXNativeTarget section */

/* Begin PBXProject section */
		CE91E14419505C57000449F9 /* Project object */ = {
			isa = PBXProject;
			attributes = {
				CLASSPREFIX = STP;
				LastUpgradeCheck = 0510;
				ORGANIZATIONNAME = SaveThePlan;
				TargetAttributes = {
					CE91E16619505C57000449F9 = {
						TestTargetID = CE91E14B19505C57000449F9;
					};
				};
			};
			buildConfigurationList = CE91E14719505C57000449F9 /* Build configuration list for PBXProject "MetroCassiopee" */;
			compatibilityVersion = "Xcode 3.2";
			developmentRegion = English;
			hasScannedForEncodings = 0;
			knownRegions = (
				en,
			);
			mainGroup = CE91E14319505C57000449F9;
			productRefGroup = CE91E14D19505C57000449F9 /* Products */;
			projectDirPath = "";
			projectRoot = "";
			targets = (
				CE91E14B19505C57000449F9 /* MetroCassiopee */,
				CE91E16619505C57000449F9 /* MetroCassiopeeTests */,
			);
		};
/* End PBXProject section */

/* Begin PBXResourcesBuildPhase section */
		CE91E14A19505C57000449F9 /* Resources */ = {
			isa = PBXResourcesBuildPhase;
			buildActionMask = 2147483647;
			files = (
				CEA838B519505F4E00A68DC9 /* planete-4.png in Resources */,
				CEA838A619505F4E00A68DC9 /* map.png in Resources */,
				CEA838B219505F4E00A68DC9 /* planete-19.png in Resources */,
				CEA838B819505F4E00A68DC9 /* planete-7.png in Resources */,
				CEA838AE19505F4E00A68DC9 /* planete-15.png in Resources */,
				CEA838AD19505F4E00A68DC9 /* planete-14.png in Resources */,
				CEA838AC19505F4E00A68DC9 /* planete-13.png in Resources */,
				CEA838A919505F4E00A68DC9 /* planete-10.png in Resources */,
				CEA838B619505F4E00A68DC9 /* planete-5.png in Resources */,
				CEA838B019505F4E00A68DC9 /* planete-17.png in Resources */,
				CEA838AB19505F4E00A68DC9 /* planete-12.png in Resources */,
				CEA838A719505F4E00A68DC9 /* planete-0.png in Resources */,
				CEA838A219505F4E00A68DC9 /* vador.png in Resources */,
				CEA8389D19505F4E00A68DC9 /* fond-1024x1024.jpg in Resources */,
				CEA838A419505F4E00A68DC9 /* div-segmented.png in Resources */,
				CEA838BA19505F4E00A68DC9 /* planete-9.png in Resources */,
				CE91E15A19505C57000449F9 /* InfoPlist.strings in Resources */,
				CEA838B319505F4E00A68DC9 /* planete-2.png in Resources */,
				CEA838A519505F4E00A68DC9 /* gear.png in Resources */,
				CEA838B419505F4E00A68DC9 /* planete-3.png in Resources */,
				CE91E16219505C57000449F9 /* Images.xcassets in Resources */,
				CEA838AA19505F4E00A68DC9 /* planete-11.png in Resources */,
				CEA838A119505F4E00A68DC9 /* leia.png in Resources */,
				CEA838A319505F4E00A68DC9 /* back-segmented.png in Resources */,
				CEA838AF19505F4E00A68DC9 /* planete-16.png in Resources */,
				CEA8389E19505F4E00A68DC9 /* fond-1136x1136.jpg in Resources */,
				CEA838A819505F4E00A68DC9 /* planete-1.png in Resources */,
				CEA838B119505F4E00A68DC9 /* planete-18.png in Resources */,
				CEA838B719505F4E00A68DC9 /* planete-6.png in Resources */,
				CEA8389F19505F4E00A68DC9 /* fond-2048x2048.jpg in Resources */,
				CEA838A019505F4E00A68DC9 /* fond-960x960.jpg in Resources */,
				CEA838B919505F4E00A68DC9 /* planete-8.png in Resources */,
			);
			runOnlyForDeploymentPostprocessing = 0;
		};
		CE91E16519505C57000449F9 /* Resources */ = {
			isa = PBXResourcesBuildPhase;
			buildActionMask = 2147483647;
			files = (
				CE91E17319505C57000449F9 /* InfoPlist.strings in Resources */,
			);
			runOnlyForDeploymentPostprocessing = 0;
		};
/* End PBXResourcesBuildPhase section */

/* Begin PBXSourcesBuildPhase section */
		CE91E14819505C57000449F9 /* Sources */ = {
			isa = PBXSourcesBuildPhase;
			buildActionMask = 2147483647;
			files = (
				CEA838D91950818400A68DC9 /* STPMetroViewController.m in Sources */,
				CEA838DF1950899800A68DC9 /* STPPlanetViewController.m in Sources */,
				CEA838CC195062AE00A68DC9 /* UIImage+STPImageResize.m in Sources */,
				CE91E16019505C57000449F9 /* STPAppDelegate.m in Sources */,
				CEA838CB195062AE00A68DC9 /* UIBarButtonItem+STPCustomImage.m in Sources */,
				CEA838CD195062AE00A68DC9 /* UIView+STPViewForAutoLayout.m in Sources */,
				CEA838C31950629400A68DC9 /* STPChooseView.m in Sources */,
				CEA838DC195081A700A68DC9 /* STPMapTableViewController.m in Sources */,
				CEA838D619507B8700A68DC9 /* STPPlanet.m in Sources */,
				CEA838D0195072E500A68DC9 /* STPUser.m in Sources */,
				CEA838D31950777700A68DC9 /* STPTabBarController.m in Sources */,
				CEA838BD19505FD600A68DC9 /* STPChooseViewController.m in Sources */,
				CEA838E219508A0500A68DC9 /* STPPlanetView.m in Sources */,
				CE91E15C19505C57000449F9 /* main.m in Sources */,
			);
			runOnlyForDeploymentPostprocessing = 0;
		};
		CE91E16319505C57000449F9 /* Sources */ = {
			isa = PBXSourcesBuildPhase;
			buildActionMask = 2147483647;
			files = (
				CE91E17519505C57000449F9 /* MetroCassiopeeTests.m in Sources */,
			);
			runOnlyForDeploymentPostprocessing = 0;
		};
/* End PBXSourcesBuildPhase section */

/* Begin PBXTargetDependency section */
		CE91E16D19505C57000449F9 /* PBXTargetDependency */ = {
			isa = PBXTargetDependency;
			target = CE91E14B19505C57000449F9 /* MetroCassiopee */;
			targetProxy = CE91E16C19505C57000449F9 /* PBXContainerItemProxy */;
		};
/* End PBXTargetDependency section */

/* Begin PBXVariantGroup section */
		CE91E15819505C57000449F9 /* InfoPlist.strings */ = {
			isa = PBXVariantGroup;
			children = (
				CE91E15919505C57000449F9 /* en */,
			);
			name = InfoPlist.strings;
			sourceTree = "<group>";
		};
		CE91E17119505C57000449F9 /* InfoPlist.strings */ = {
			isa = PBXVariantGroup;
			children = (
				CE91E17219505C57000449F9 /* en */,
			);
			name = InfoPlist.strings;
			sourceTree = "<group>";
		};
/* End PBXVariantGroup section */

/* Begin XCBuildConfiguration section */
		CE91E17619505C57000449F9 /* Debug */ = {
			isa = XCBuildConfiguration;
			buildSettings = {
				ALWAYS_SEARCH_USER_PATHS = NO;
				CLANG_CXX_LANGUAGE_STANDARD = "gnu++0x";
				CLANG_CXX_LIBRARY = "libc++";
				CLANG_ENABLE_MODULES = YES;
				CLANG_ENABLE_OBJC_ARC = YES;
				CLANG_WARN_BOOL_CONVERSION = YES;
				CLANG_WARN_CONSTANT_CONVERSION = YES;
				CLANG_WARN_DIRECT_OBJC_ISA_USAGE = YES_ERROR;
				CLANG_WARN_EMPTY_BODY = YES;
				CLANG_WARN_ENUM_CONVERSION = YES;
				CLANG_WARN_INT_CONVERSION = YES;
				CLANG_WARN_OBJC_ROOT_CLASS = YES_ERROR;
				CLANG_WARN__DUPLICATE_METHOD_MATCH = YES;
				"CODE_SIGN_IDENTITY[sdk=iphoneos*]" = "iPhone Developer";
				COPY_PHASE_STRIP = NO;
				GCC_C_LANGUAGE_STANDARD = gnu99;
				GCC_DYNAMIC_NO_PIC = NO;
				GCC_OPTIMIZATION_LEVEL = 0;
				GCC_PREPROCESSOR_DEFINITIONS = (
					"DEBUG=1",
					"$(inherited)",
				);
				GCC_SYMBOLS_PRIVATE_EXTERN = NO;
				GCC_WARN_64_TO_32_BIT_CONVERSION = YES;
				GCC_WARN_ABOUT_RETURN_TYPE = YES_ERROR;
				GCC_WARN_UNDECLARED_SELECTOR = YES;
				GCC_WARN_UNINITIALIZED_AUTOS = YES_AGGRESSIVE;
				GCC_WARN_UNUSED_FUNCTION = YES;
				GCC_WARN_UNUSED_VARIABLE = YES;
				IPHONEOS_DEPLOYMENT_TARGET = 7.1;
				ONLY_ACTIVE_ARCH = YES;
				SDKROOT = iphoneos;
				TARGETED_DEVICE_FAMILY = "1,2";
			};
			name = Debug;
		};
		CE91E17719505C57000449F9 /* Release */ = {
			isa = XCBuildConfiguration;
			buildSettings = {
				ALWAYS_SEARCH_USER_PATHS = NO;
				CLANG_CXX_LANGUAGE_STANDARD = "gnu++0x";
				CLANG_CXX_LIBRARY = "libc++";
				CLANG_ENABLE_MODULES = YES;
				CLANG_ENABLE_OBJC_ARC = YES;
				CLANG_WARN_BOOL_CONVERSION = YES;
				CLANG_WARN_CONSTANT_CONVERSION = YES;
				CLANG_WARN_DIRECT_OBJC_ISA_USAGE = YES_ERROR;
				CLANG_WARN_EMPTY_BODY = YES;
				CLANG_WARN_ENUM_CONVERSION = YES;
				CLANG_WARN_INT_CONVERSION = YES;
				CLANG_WARN_OBJC_ROOT_CLASS = YES_ERROR;
				CLANG_WARN__DUPLICATE_METHOD_MATCH = YES;
				"CODE_SIGN_IDENTITY[sdk=iphoneos*]" = "iPhone Developer";
				COPY_PHASE_STRIP = YES;
				ENABLE_NS_ASSERTIONS = NO;
				GCC_C_LANGUAGE_STANDARD = gnu99;
				GCC_WARN_64_TO_32_BIT_CONVERSION = YES;
				GCC_WARN_ABOUT_RETURN_TYPE = YES_ERROR;
				GCC_WARN_UNDECLARED_SELECTOR = YES;
				GCC_WARN_UNINITIALIZED_AUTOS = YES_AGGRESSIVE;
				GCC_WARN_UNUSED_FUNCTION = YES;
				GCC_WARN_UNUSED_VARIABLE = YES;
				IPHONEOS_DEPLOYMENT_TARGET = 7.1;
				SDKROOT = iphoneos;
				TARGETED_DEVICE_FAMILY = "1,2";
				VALIDATE_PRODUCT = YES;
			};
			name = Release;
		};
		CE91E17919505C57000449F9 /* Debug */ = {
			isa = XCBuildConfiguration;
			buildSettings = {
				ASSETCATALOG_COMPILER_APPICON_NAME = AppIcon;
				ASSETCATALOG_COMPILER_LAUNCHIMAGE_NAME = LaunchImage;
				GCC_PRECOMPILE_PREFIX_HEADER = YES;
				GCC_PREFIX_HEADER = "MetroCassiopee/MetroCassiopee-Prefix.pch";
				INFOPLIST_FILE = "MetroCassiopee/MetroCassiopee-Info.plist";
				PRODUCT_NAME = "$(TARGET_NAME)";
				WRAPPER_EXTENSION = app;
			};
			name = Debug;
		};
		CE91E17A19505C57000449F9 /* Release */ = {
			isa = XCBuildConfiguration;
			buildSettings = {
				ASSETCATALOG_COMPILER_APPICON_NAME = AppIcon;
				ASSETCATALOG_COMPILER_LAUNCHIMAGE_NAME = LaunchImage;
				GCC_PRECOMPILE_PREFIX_HEADER = YES;
				GCC_PREFIX_HEADER = "MetroCassiopee/MetroCassiopee-Prefix.pch";
				INFOPLIST_FILE = "MetroCassiopee/MetroCassiopee-Info.plist";
				PRODUCT_NAME = "$(TARGET_NAME)";
				WRAPPER_EXTENSION = app;
			};
			name = Release;
		};
		CE91E17C19505C57000449F9 /* Debug */ = {
			isa = XCBuildConfiguration;
			buildSettings = {
				BUNDLE_LOADER = "$(BUILT_PRODUCTS_DIR)/MetroCassiopee.app/MetroCassiopee";
				FRAMEWORK_SEARCH_PATHS = (
					"$(SDKROOT)/Developer/Library/Frameworks",
					"$(inherited)",
					"$(DEVELOPER_FRAMEWORKS_DIR)",
				);
				GCC_PRECOMPILE_PREFIX_HEADER = YES;
				GCC_PREFIX_HEADER = "MetroCassiopee/MetroCassiopee-Prefix.pch";
				GCC_PREPROCESSOR_DEFINITIONS = (
					"DEBUG=1",
					"$(inherited)",
				);
				INFOPLIST_FILE = "MetroCassiopeeTests/MetroCassiopeeTests-Info.plist";
				PRODUCT_NAME = "$(TARGET_NAME)";
				TEST_HOST = "$(BUNDLE_LOADER)";
				WRAPPER_EXTENSION = xctest;
			};
			name = Debug;
		};
		CE91E17D19505C57000449F9 /* Release */ = {
			isa = XCBuildConfiguration;
			buildSettings = {
				BUNDLE_LOADER = "$(BUILT_PRODUCTS_DIR)/MetroCassiopee.app/MetroCassiopee";
				FRAMEWORK_SEARCH_PATHS = (
					"$(SDKROOT)/Developer/Library/Frameworks",
					"$(inherited)",
					"$(DEVELOPER_FRAMEWORKS_DIR)",
				);
				GCC_PRECOMPILE_PREFIX_HEADER = YES;
				GCC_PREFIX_HEADER = "MetroCassiopee/MetroCassiopee-Prefix.pch";
				INFOPLIST_FILE = "MetroCassiopeeTests/MetroCassiopeeTests-Info.plist";
				PRODUCT_NAME = "$(TARGET_NAME)";
				TEST_HOST = "$(BUNDLE_LOADER)";
				WRAPPER_EXTENSION = xctest;
			};
			name = Release;
		};
/* End XCBuildConfiguration section */

/* Begin XCConfigurationList section */
		CE91E14719505C57000449F9 /* Build configuration list for PBXProject "MetroCassiopee" */ = {
			isa = XCConfigurationList;
			buildConfigurations = (
				CE91E17619505C57000449F9 /* Debug */,
				CE91E17719505C57000449F9 /* Release */,
			);
			defaultConfigurationIsVisible = 0;
			defaultConfigurationName = Release;
		};
		CE91E17819505C57000449F9 /* Build configuration list for PBXNativeTarget "MetroCassiopee" */ = {
			isa = XCConfigurationList;
			buildConfigurations = (
				CE91E17919505C57000449F9 /* Debug */,
				CE91E17A19505C57000449F9 /* Release */,
			);
			defaultConfigurationIsVisible = 0;
			defaultConfigurationName = Release;
		};
		CE91E17B19505C57000449F9 /* Build configuration list for PBXNativeTarget "MetroCassiopeeTests" */ = {
			isa = XCConfigurationList;
			buildConfigurations = (
				CE91E17C19505C57000449F9 /* Debug */,
				CE91E17D19505C57000449F9 /* Release */,
			);
			defaultConfigurationIsVisible = 0;
			defaultConfigurationName = Release;
		};
/* End XCConfigurationList section */
	};
	rootObject = CE91E14419505C57000449F9 /* Project object */;
}
